PODS:
  - FaceBeauty (4.0.0-rc)
  - sdk (1.0)

DEPENDENCIES:
  - FaceBeauty (= 4.0.0-rc)
  - sdk (from `sdk.podspec`)

SPEC REPOS:
  trunk:
    - FaceBeauty

EXTERNAL SOURCES:
  sdk:
    :path: sdk.podspec

SPEC CHECKSUMS:
  FaceBeauty: 991000212448b93edb6b3db4a7b38ab90b3579c7
  sdk: e3479e54702dcafc8c3e74a1baa05d7c2c8f753d

PODFILE CHECKSUM: 8b661e2d781bae974c57e82fae3b49bd61a10077

COCOAPODS: 1.16.2
